
Microsoft Visual Studio Solution File, Format Version 12.00
# Visual Studio 2013
VisualStudioVersion = 12.0.31101.0
MinimumVisualStudioVersion = 10.0.40219.1
Project("{E24C65DC-7377-472B-9ABA-BC803B73C61A}") = "ItemCharts(1)", "http://localhost:8928", "{BBD205E6-1FB4-4EF6-AF95-0DA2E3788791}"
	ProjectSection(WebsiteProperties) = preProject
		UseIISExpress = "true"
		TargetFrameworkMoniker = ".NETFramework,Version%3Dv4.0"
		Debug.AspNetCompiler.VirtualPath = "/localhost_8928"
		Debug.AspNetCompiler.PhysicalPath = "E:\Visual Studio\Git\ItemCharts\"
		Debug.AspNetCompiler.TargetPath = "PrecompiledWeb\localhost_8928\"
		Debug.AspNetCompiler.Updateable = "true"
		Debug.AspNetCompiler.ForceOverwrite = "true"
		Debug.AspNetCompiler.FixedNames = "false"
		Debug.AspNetCompiler.Debug = "True"
		Release.AspNetCompiler.VirtualPath = "/localhost_8928"
		Release.AspNetCompiler.PhysicalPath = "E:\Visual Studio\Git\ItemCharts\"
		Release.AspNetCompiler.TargetPath = "PrecompiledWeb\localhost_8928\"
		Release.AspNetCompiler.Updateable = "true"
		Release.AspNetCompiler.ForceOverwrite = "true"
		Release.AspNetCompiler.FixedNames = "false"
		Release.AspNetCompiler.Debug = "False"
		SlnRelativePath = "E:\Visual Studio\Git\ItemCharts\"
	EndProjectSection
EndProject
Global
	GlobalSection(SolutionConfigurationPlatforms) = preSolution
		Debug|Any CPU = Debug|Any CPU
	EndGlobalSection
	GlobalSection(ProjectConfigurationPlatforms) = postSolution
		{BBD205E6-1FB4-4EF6-AF95-0DA2E3788791}.Debug|Any CPU.ActiveCfg = Debug|Any CPU
		{BBD205E6-1FB4-4EF6-AF95-0DA2E3788791}.Debug|Any CPU.Build.0 = Debug|Any CPU
	EndGlobalSection
	GlobalSection(SolutionProperties) = preSolution
		HideSolutionNode = FALSE
	EndGlobalSection
EndGlobal
